// !$*UTF8*$!
{
	archiveVersion = 1;
	classes = {
	};
	objectVersion = 50;
	objects = {

/* Begin PBXBuildFile section */
		C03CC0A1208EB5580087C314 /* AppDelegate.m in Sources */ = {isa = PBXBuildFile; fileRef = C03CC0A0208EB5580087C314 /* AppDelegate.m */; };
		C03CC0A4208EB5580087C314 /* ViewController.m in Sources */ = {isa = PBXBuildFile; fileRef = C03CC0A3208EB5580087C314 /* ViewController.m */; };
		C03CC0A7208EB5580087C314 /* Main.storyboard in Resources */ = {isa = PBXBuildFile; fileRef = C03CC0A5208EB5580087C314 /* Main.storyboard */; };
		C03CC0A9208EB55A0087C314 /* Assets.xcassets in Resources */ = {isa = PBXBuildFile; fileRef = C03CC0A8208EB55A0087C314 /* Assets.xcassets */; };
		C03CC0AC208EB55A0087C314 /* LaunchScreen.storyboard in Resources */ = {isa = PBXBuildFile; fileRef = C03CC0AA208EB55A0087C314 /* LaunchScreen.storyboard */; };
		C03CC0AF208EB55A0087C314 /* main.m in Sources */ = {isa = PBXBuildFile; fileRef = C03CC0AE208EB55A0087C314 /* main.m */; };
		C03CC0B9208EB55A0087C314 /* LBDemoTests.m in Sources */ = {isa = PBXBuildFile; fileRef = C03CC0B8208EB55A0087C314 /* LBDemoTests.m */; };
		C03CC0C4208EB55A0087C314 /* LBDemoUITests.m in Sources */ = {isa = PBXBuildFile; fileRef = C03CC0C3208EB55A0087C314 /* LBDemoUITests.m */; };
		C03CC0D3208EB6830087C314 /* SecondViewController.m in Sources */ = {isa = PBXBuildFile; fileRef = C03CC0D2208EB6830087C314 /* SecondViewController.m */; };
		C03CC0D6208EB7850087C314 /* PeopleModel.m in Sources */ = {isa = PBXBuildFile; fileRef = C03CC0D5208EB7850087C314 /* PeopleModel.m */; };
		C03CC0DA208EB9520087C314 /* TableViewCell.m in Sources */ = {isa = PBXBuildFile; fileRef = C03CC0D8208EB9520087C314 /* TableViewCell.m */; };
		C03CC0DB208EB9520087C314 /* TableViewCell.xib in Resources */ = {isa = PBXBuildFile; fileRef = C03CC0D9208EB9520087C314 /* TableViewCell.xib */; };
/* End PBXBuildFile section */

/* Begin PBXContainerItemProxy section */
		C03CC0B5208EB55A0087C314 /* PBXContainerItemProxy */ = {
			isa = PBXContainerItemProxy;
			containerPortal = C03CC094208EB5580087C314 /* Project object */;
			proxyType = 1;
			remoteGlobalIDString = C03CC09B208EB5580087C314;
			remoteInfo = LBDemo;
		};
		C03CC0C0208EB55A0087C314 /* PBXContainerItemProxy */ = {
			isa = PBXContainerItemProxy;
			containerPortal = C03CC094208EB5580087C314 /* Project object */;
			proxyType = 1;
			remoteGlobalIDString = C03CC09B208EB5580087C314;
			remoteInfo = LBDemo;
		};
/* End PBXContainerItemProxy section */

/* Begin PBXFileReference section */
		C03CC09C208EB5580087C314 /* LBDemo.app */ = {isa = PBXFileReference; explicitFileType = wrapper.application; includeInIndex = 0; path = LBDemo.app; sourceTree = BUILT_PRODUCTS_DIR; };
		C03CC09F208EB5580087C314 /* AppDelegate.h */ = {isa = PBXFileReference; lastKnownFileType = sourcecode.c.h; path = AppDelegate.h; sourceTree = "<group>"; };
		C03CC0A0208EB5580087C314 /* AppDelegate.m */ = {isa = PBXFileReference; lastKnownFileType = sourcecode.c.objc; path = AppDelegate.m; sourceTree = "<group>"; };
		C03CC0A2208EB5580087C314 /* ViewController.h */ = {isa = PBXFileReference; lastKnownFileType = sourcecode.c.h; path = ViewController.h; sourceTree = "<group>"; };
		C03CC0A3208EB5580087C314 /* ViewController.m */ = {isa = PBXFileReference; lastKnownFileType = sourcecode.c.objc; path = ViewController.m; sourceTree = "<group>"; };
		C03CC0A6208EB5580087C314 /* Base */ = {isa = PBXFileReference; lastKnownFileType = file.storyboard; name = Base; path = Base.lproj/Main.storyboard; sourceTree = "<group>"; };
		C03CC0A8208EB55A0087C314 /* Assets.xcassets */ = {isa = PBXFileReference; lastKnownFileType = folder.assetcatalog; path = Assets.xcassets; sourceTree = "<group>"; };
		C03CC0AB208EB55A0087C314 /* Base */ = {isa = PBXFileReference; lastKnownFileType = file.storyboard; name = Base; path = Base.lproj/LaunchScreen.storyboard; sourceTree = "<group>"; };
		C03CC0AD208EB55A0087C314 /* Info.plist */ = {isa = PBXFileReference; lastKnownFileType = text.plist.xml; path = Info.plist; sourceTree = "<group>"; };
		C03CC0AE208EB55A0087C314 /* main.m */ = {isa = PBXFileReference; lastKnownFileType = sourcecode.c.objc; path = main.m; sourceTree = "<group>"; };
		C03CC0B4208EB55A0087C314 /* LBDemoTests.xctest */ = {isa = PBXFileReference; explicitFileType = wrapper.cfbundle; includeInIndex = 0; path = LBDemoTests.xctest; sourceTree = BUILT_PRODUCTS_DIR; };
		C03CC0B8208EB55A0087C314 /* LBDemoTests.m */ = {isa = PBXFileReference; lastKnownFileType = sourcecode.c.objc; path = LBDemoTests.m; sourceTree = "<group>"; };
		C03CC0BA208EB55A0087C314 /* Info.plist */ = {isa = PBXFileReference; lastKnownFileType = text.plist.xml; path = Info.plist; sourceTree = "<group>"; };
		C03CC0BF208EB55A0087C314 /* LBDemoUITests.xctest */ = {isa = PBXFileReference; explicitFileType = wrapper.cfbundle; includeInIndex = 0; path = LBDemoUITests.xctest; sourceTree = BUILT_PRODUCTS_DIR; };
		C03CC0C3208EB55A0087C314 /* LBDemoUITests.m */ = {isa = PBXFileReference; lastKnownFileType = sourcecode.c.objc; path = LBDemoUITests.m; sourceTree = "<group>"; };
		C03CC0C5208EB55A0087C314 /* Info.plist */ = {isa = PBXFileReference; lastKnownFileType = text.plist.xml; path = Info.plist; sourceTree = "<group>"; };
		C03CC0D1208EB6830087C314 /* SecondViewController.h */ = {isa = PBXFileReference; lastKnownFileType = sourcecode.c.h; path = SecondViewController.h; sourceTree = "<group>"; };
		C03CC0D2208EB6830087C314 /* SecondViewController.m */ = {isa = PBXFileReference; lastKnownFileType = sourcecode.c.objc; path = SecondViewController.m; sourceTree = "<group>"; };
		C03CC0D4208EB7850087C314 /* PeopleModel.h */ = {isa = PBXFileReference; lastKnownFileType = sourcecode.c.h; path = PeopleModel.h; sourceTree = "<group>"; };
		C03CC0D5208EB7850087C314 /* PeopleModel.m */ = {isa = PBXFileReference; lastKnownFileType = sourcecode.c.objc; path = PeopleModel.m; sourceTree = "<group>"; };
		C03CC0D7208EB9520087C314 /* TableViewCell.h */ = {isa = PBXFileReference; lastKnownFileType = sourcecode.c.h; path = TableViewCell.h; sourceTree = "<group>"; };
		C03CC0D8208EB9520087C314 /* TableViewCell.m */ = {isa = PBXFileReference; lastKnownFileType = sourcecode.c.objc; path = TableViewCell.m; sourceTree = "<group>"; };
		C03CC0D9208EB9520087C314 /* TableViewCell.xib */ = {isa = PBXFileReference; lastKnownFileType = file.xib; path = TableViewCell.xib; sourceTree = "<group>"; };
/* End PBXFileReference section */

/* Begin PBXFrameworksBuildPhase section */
		C03CC099208EB5580087C314 /* Frameworks */ = {
			isa = PBXFrameworksBuildPhase;
			buildActionMask = 2147483647;
			files = (
			);
			runOnlyForDeploymentPostprocessing = 0;
		};
		C03CC0B1208EB55A0087C314 /* Frameworks */ = {
			isa = PBXFrameworksBuildPhase;
			buildActionMask = 2147483647;
			files = (
			);
			runOnlyForDeploymentPostprocessing = 0;
		};
		C03CC0BC208EB55A0087C314 /* Frameworks */ = {
			isa = PBXFrameworksBuildPhase;
			buildActionMask = 2147483647;
			files = (
			);
			runOnlyForDeploymentPostprocessing = 0;
		};
/* End PBXFrameworksBuildPhase section */

/* Begin PBXGroup section */
		C03CC093208EB5580087C314 = {
			isa = PBXGroup;
			children = (
				C03CC09E208EB5580087C314 /* LBDemo */,
				C03CC0B7208EB55A0087C314 /* LBDemoTests */,
				C03CC0C2208EB55A0087C314 /* LBDemoUITests */,
				C03CC09D208EB5580087C314 /* Products */,
			);
			sourceTree = "<group>";
		};
		C03CC09D208EB5580087C314 /* Products */ = {
			isa = PBXGroup;
			children = (
				C03CC09C208EB5580087C314 /* LBDemo.app */,
				C03CC0B4208EB55A0087C314 /* LBDemoTests.xctest */,
				C03CC0BF208EB55A0087C314 /* LBDemoUITests.xctest */,
			);
			name = Products;
			sourceTree = "<group>";
		};
		C03CC09E208EB5580087C314 /* LBDemo */ = {
			isa = PBXGroup;
			children = (
				C03CC09F208EB5580087C314 /* AppDelegate.h */,
				C03CC0A0208EB5580087C314 /* AppDelegate.m */,
				C03CC0A2208EB5580087C314 /* ViewController.h */,
				C03CC0A3208EB5580087C314 /* ViewController.m */,
				C03CC0D1208EB6830087C314 /* SecondViewController.h */,
				C03CC0D2208EB6830087C314 /* SecondViewController.m */,
				C03CC0D4208EB7850087C314 /* PeopleModel.h */,
				C03CC0D5208EB7850087C314 /* PeopleModel.m */,
				C03CC0D7208EB9520087C314 /* TableViewCell.h */,
				C03CC0D8208EB9520087C314 /* TableViewCell.m */,
				C03CC0D9208EB9520087C314 /* TableViewCell.xib */,
				C03CC0A5208EB5580087C314 /* Main.storyboard */,
				C03CC0A8208EB55A0087C314 /* Assets.xcassets */,
				C03CC0AA208EB55A0087C314 /* LaunchScreen.storyboard */,
				C03CC0AD208EB55A0087C314 /* Info.plist */,
				C03CC0AE208EB55A0087C314 /* main.m */,
			);
			path = LBDemo;
			sourceTree = "<group>";
		};
		C03CC0B7208EB55A0087C314 /* LBDemoTests */ = {
			isa = PBXGroup;
			children = (
				C03CC0B8208EB55A0087C314 /* LBDemoTests.m */,
				C03CC0BA208EB55A0087C314 /* Info.plist */,
			);
			path = LBDemoTests;
			sourceTree = "<group>";
		};
		C03CC0C2208EB55A0087C314 /* LBDemoUITests */ = {
			isa = PBXGroup;
			children = (
				C03CC0C3208EB55A0087C314 /* LBDemoUITests.m */,
				C03CC0C5208EB55A0087C314 /* Info.plist */,
			);
			path = LBDemoUITests;
			sourceTree = "<group>";
		};
/* End PBXGroup section */

/* Begin PBXNativeTarget section */
		C03CC09B208EB5580087C314 /* LBDemo */ = {
			isa = PBXNativeTarget;
			buildConfigurationList = C03CC0C8208EB55A0087C314 /* Build configuration list for PBXNativeTarget "LBDemo" */;
			buildPhases = (
				C03CC098208EB5580087C314 /* Sources */,
				C03CC099208EB5580087C314 /* Frameworks */,
				C03CC09A208EB5580087C314 /* Resources */,
			);
			buildRules = (
			);
			dependencies = (
			);
			name = LBDemo;
			productName = LBDemo;
			productReference = C03CC09C208EB5580087C314 /* LBDemo.app */;
			productType = "com.apple.product-type.application";
		};
		C03CC0B3208EB55A0087C314 /* LBDemoTests */ = {
			isa = PBXNativeTarget;
			buildConfigurationList = C03CC0CB208EB55A0087C314 /* Build configuration list for PBXNativeTarget "LBDemoTests" */;
			buildPhases = (
				C03CC0B0208EB55A0087C314 /* Sources */,
				C03CC0B1208EB55A0087C314 /* Frameworks */,
				C03CC0B2208EB55A0087C314 /* Resources */,
			);
			buildRules = (
			);
			dependencies = (
				C03CC0B6208EB55A0087C314 /* PBXTargetDependency */,
			);
			name = LBDemoTests;
			productName = LBDemoTests;
			productReference = C03CC0B4208EB55A0087C314 /* LBDemoTests.xctest */;
			productType = "com.apple.product-type.bundle.unit-test";
		};
		C03CC0BE208EB55A0087C314 /* LBDemoUITests */ = {
			isa = PBXNativeTarget;
			buildConfigurationList = C03CC0CE208EB55A0087C314 /* Build configuration list for PBXNativeTarget "LBDemoUITests" */;
			buildPhases = (
				C03CC0BB208EB55A0087C314 /* Sources */,
				C03CC0BC208EB55A0087C314 /* Frameworks */,
				C03CC0BD208EB55A0087C314 /* Resources */,
			);
			buildRules = (
			);
			dependencies = (
				C03CC0C1208EB55A0087C314 /* PBXTargetDependency */,
			);
			name = LBDemoUITests;
			productName = LBDemoUITests;
			productReference = C03CC0BF208EB55A0087C314 /* LBDemoUITests.xctest */;
			productType = "com.apple.product-type.bundle.ui-testing";
		};
/* End PBXNativeTarget section */

/* Begin PBXProject section */
		C03CC094208EB5580087C314 /* Project object */ = {
			isa = PBXProject;
			attributes = {
				LastUpgradeCheck = 0930;
				ORGANIZATIONNAME = "训网高";
				TargetAttributes = {
					C03CC09B208EB5580087C314 = {
						CreatedOnToolsVersion = 9.3;
					};
					C03CC0B3208EB55A0087C314 = {
						CreatedOnToolsVersion = 9.3;
						TestTargetID = C03CC09B208EB5580087C314;
					};
					C03CC0BE208EB55A0087C314 = {
						CreatedOnToolsVersion = 9.3;
						TestTargetID = C03CC09B208EB5580087C314;
					};
				};
			};
			buildConfigurationList = C03CC097208EB5580087C314 /* Build configuration list for PBXProject "LBDemo" */;
			compatibilityVersion = "Xcode 9.3";
			developmentRegion = en;
			hasScannedForEncodings = 0;
			knownRegions = (
				en,
				Base,
			);
			mainGroup = C03CC093208EB5580087C314;
			productRefGroup = C03CC09D208EB5580087C314 /* Products */;
			projectDirPath = "";
			projectRoot = "";
			targets = (
				C03CC09B208EB5580087C314 /* LBDemo */,
				C03CC0B3208EB55A0087C314 /* LBDemoTests */,
				C03CC0BE208EB55A0087C314 /* LBDemoUITests */,
			);
		};
/* End PBXProject section */

/* Begin PBXResourcesBuildPhase section */
		C03CC09A208EB5580087C314 /* Resources */ = {
			isa = PBXResourcesBuildPhase;
			buildActionMask = 2147483647;
			files = (
				C03CC0AC208EB55A0087C314 /* LaunchScreen.storyboard in Resources */,
				C03CC0DB208EB9520087C314 /* TableViewCell.xib in Resources */,
				C03CC0A9208EB55A0087C314 /* Assets.xcassets in Resources */,
				C03CC0A7208EB5580087C314 /* Main.storyboard in Resources */,
			);
			runOnlyForDeploymentPostprocessing = 0;
		};
		C03CC0B2208EB55A0087C314 /* Resources */ = {
			isa = PBXResourcesBuildPhase;
			buildActionMask = 2147483647;
			files = (
			);
			runOnlyForDeploymentPostprocessing = 0;
		};
		C03CC0BD208EB55A0087C314 /* Resources */ = {
			isa = PBXResourcesBuildPhase;
			buildActionMask = 2147483647;
			files = (
			);
			runOnlyForDeploymentPostprocessing = 0;
		};
/* End PBXResourcesBuildPhase section */

/* Begin PBXSourcesBuildPhase section */
		C03CC098208EB5580087C314 /* Sources */ = {
			isa = PBXSourcesBuildPhase;
			buildActionMask = 2147483647;
			files = (
				C03CC0D6208EB7850087C314 /* PeopleModel.m in Sources */,
				C03CC0DA208EB9520087C314 /* TableViewCell.m in Sources */,
				C03CC0D3208EB6830087C314 /* SecondViewController.m in Sources */,
				C03CC0A4208EB5580087C314 /* ViewController.m in Sources */,
				C03CC0AF208EB55A0087C314 /* main.m in Sources */,
				C03CC0A1208EB5580087C314 /* AppDelegate.m in Sources */,
			);
			runOnlyForDeploymentPostprocessing = 0;
		};
		C03CC0B0208EB55A0087C314 /* Sources */ = {
			isa = PBXSourcesBuildPhase;
			buildActionMask = 2147483647;
			files = (
				C03CC0B9208EB55A0087C314 /* LBDemoTests.m in Sources */,
			);
			runOnlyForDeploymentPostprocessing = 0;
		};
		C03CC0BB208EB55A0087C314 /* Sources */ = {
			isa = PBXSourcesBuildPhase;
			buildActionMask = 2147483647;
			files = (
				C03CC0C4208EB55A0087C314 /* LBDemoUITests.m in Sources */,
			);
			runOnlyForDeploymentPostprocessing = 0;
		};
/* End PBXSourcesBuildPhase section */

/* Begin PBXTargetDependency section */
		C03CC0B6208EB55A0087C314 /* PBXTargetDependency */ = {
			isa = PBXTargetDependency;
			target = C03CC09B208EB5580087C314 /* LBDemo */;
			targetProxy = C03CC0B5208EB55A0087C314 /* PBXContainerItemProxy */;
		};
		C03CC0C1208EB55A0087C314 /* PBXTargetDependency */ = {
			isa = PBXTargetDependency;
			target = C03CC09B208EB5580087C314 /* LBDemo */;
			targetProxy = C03CC0C0208EB55A0087C314 /* PBXContainerItemProxy */;
		};
/* End PBXTargetDependency section */

/* Begin PBXVariantGroup section */
		C03CC0A5208EB5580087C314 /* Main.storyboard */ = {
			isa = PBXVariantGroup;
			children = (
				C03CC0A6208EB5580087C314 /* Base */,
			);
			name = Main.storyboard;
			sourceTree = "<group>";
		};
		C03CC0AA208EB55A0087C314 /* LaunchScreen.storyboard */ = {
			isa = PBXVariantGroup;
			children = (
				C03CC0AB208EB55A0087C314 /* Base */,
			);
			name = LaunchScreen.storyboard;
			sourceTree = "<group>";
		};
/* End PBXVariantGroup section */

/* Begin XCBuildConfiguration section */
		C03CC0C6208EB55A0087C314 /* Debug */ = {
			isa = XCBuildConfiguration;
			buildSettings = {
				ALWAYS_SEARCH_USER_PATHS = NO;
				CLANG_ANALYZER_NONNULL = YES;
				CLANG_ANALYZER_NUMBER_OBJECT_CONVERSION = YES_AGGRESSIVE;
				CLANG_CXX_LANGUAGE_STANDARD = "gnu++14";
				CLANG_CXX_LIBRARY = "libc++";
				CLANG_ENABLE_MODULES = YES;
				CLANG_ENABLE_OBJC_ARC = YES;
				CLANG_ENABLE_OBJC_WEAK = YES;
				CLANG_WARN_BLOCK_CAPTURE_AUTORELEASING = YES;
				CLANG_WARN_BOOL_CONVERSION = YES;
				CLANG_WARN_COMMA = YES;
				CLANG_WARN_CONSTANT_CONVERSION = YES;
				CLANG_WARN_DEPRECATED_OBJC_IMPLEMENTATIONS = YES;
				CLANG_WARN_DIRECT_OBJC_ISA_USAGE = YES_ERROR;
				CLANG_WARN_DOCUMENTATION_COMMENTS = YES;
				CLANG_WARN_EMPTY_BODY = YES;
				CLANG_WARN_ENUM_CONVERSION = YES;
				CLANG_WARN_INFINITE_RECURSION = YES;
				CLANG_WARN_INT_CONVERSION = YES;
				CLANG_WARN_NON_LITERAL_NULL_CONVERSION = YES;
				CLANG_WARN_OBJC_IMPLICIT_RETAIN_SELF = YES;
				CLANG_WARN_OBJC_LITERAL_CONVERSION = YES;
				CLANG_WARN_OBJC_ROOT_CLASS = YES_ERROR;
				CLANG_WARN_RANGE_LOOP_ANALYSIS = YES;
				CLANG_WARN_STRICT_PROTOTYPES = YES;
				CLANG_WARN_SUSPICIOUS_MOVE = YES;
				CLANG_WARN_UNGUARDED_AVAILABILITY = YES_AGGRESSIVE;
				CLANG_WARN_UNREACHABLE_CODE = YES;
				CLANG_WARN__DUPLICATE_METHOD_MATCH = YES;
				CODE_SIGN_IDENTITY = "iPhone Developer";
				COPY_PHASE_STRIP = NO;
				DEBUG_INFORMATION_FORMAT = dwarf;
				ENABLE_STRICT_OBJC_MSGSEND = YES;
				ENABLE_TESTABILITY = YES;
				GCC_C_LANGUAGE_STANDARD = gnu11;
				GCC_DYNAMIC_NO_PIC = NO;
				GCC_NO_COMMON_BLOCKS = YES;
				GCC_OPTIMIZATION_LEVEL = 0;
				GCC_PREPROCESSOR_DEFINITIONS = (
					"DEBUG=1",
					"$(inherited)",
				);
				GCC_WARN_64_TO_32_BIT_CONVERSION = YES;
				GCC_WARN_ABOUT_RETURN_TYPE = YES_ERROR;
				GCC_WARN_UNDECLARED_SELECTOR = YES;
				GCC_WARN_UNINITIALIZED_AUTOS = YES_AGGRESSIVE;
				GCC_WARN_UNUSED_FUNCTION = YES;
				GCC_WARN_UNUSED_VARIABLE = YES;
				IPHONEOS_DEPLOYMENT_TARGET = 11.3;
				MTL_ENABLE_DEBUG_INFO = YES;
				ONLY_ACTIVE_ARCH = YES;
				SDKROOT = iphoneos;
			};
			name = Debug;
		};
		C03CC0C7208EB55A0087C314 /* Release */ = {
			isa = XCBuildConfiguration;
			buildSettings = {
				ALWAYS_SEARCH_USER_PATHS = NO;
				CLANG_ANALYZER_NONNULL = YES;
				CLANG_ANALYZER_NUMBER_OBJECT_CONVERSION = YES_AGGRESSIVE;
				CLANG_CXX_LANGUAGE_STANDARD = "gnu++14";
				CLANG_CXX_LIBRARY = "libc++";
				CLANG_ENABLE_MODULES = YES;
				CLANG_ENABLE_OBJC_ARC = YES;
				CLANG_ENABLE_OBJC_WEAK = YES;
				CLANG_WARN_BLOCK_CAPTURE_AUTORELEASING = YES;
				CLANG_WARN_BOOL_CONVERSION = YES;
				CLANG_WARN_COMMA = YES;
				CLANG_WARN_CONSTANT_CONVERSION = YES;
				CLANG_WARN_DEPRECATED_OBJC_IMPLEMENTATIONS = YES;
				CLANG_WARN_DIRECT_OBJC_ISA_USAGE = YES_ERROR;
				CLANG_WARN_DOCUMENTATION_COMMENTS = YES;
				CLANG_WARN_EMPTY_BODY = YES;
				CLANG_WARN_ENUM_CONVERSION = YES;
				CLANG_WARN_INFINITE_RECURSION = YES;
				CLANG_WARN_INT_CONVERSION = YES;
				CLANG_WARN_NON_LITERAL_NULL_CONVERSION = YES;
				CLANG_WARN_OBJC_IMPLICIT_RETAIN_SELF = YES;
				CLANG_WARN_OBJC_LITERAL_CONVERSION = YES;
				CLANG_WARN_OBJC_ROOT_CLASS = YES_ERROR;
				CLANG_WARN_RANGE_LOOP_ANALYSIS = YES;
				CLANG_WARN_STRICT_PROTOTYPES = YES;
				CLANG_WARN_SUSPICIOUS_MOVE = YES;
				CLANG_WARN_UNGUARDED_AVAILABILITY = YES_AGGRESSIVE;
				CLANG_WARN_UNREACHABLE_CODE = YES;
				CLANG_WARN__DUPLICATE_METHOD_MATCH = YES;
				CODE_SIGN_IDENTITY = "iPhone Developer";
				COPY_PHASE_STRIP = NO;
				DEBUG_INFORMATION_FORMAT = "dwarf-with-dsym";
				ENABLE_NS_ASSERTIONS = NO;
				ENABLE_STRICT_OBJC_MSGSEND = YES;
				GCC_C_LANGUAGE_STANDARD = gnu11;
				GCC_NO_COMMON_BLOCKS = YES;
				GCC_WARN_64_TO_32_BIT_CONVERSION = YES;
				GCC_WARN_ABOUT_RETURN_TYPE = YES_ERROR;
				GCC_WARN_UNDECLARED_SELECTOR = YES;
				GCC_WARN_UNINITIALIZED_AUTOS = YES_AGGRESSIVE;
				GCC_WARN_UNUSED_FUNCTION = YES;
				GCC_WARN_UNUSED_VARIABLE = YES;
				IPHONEOS_DEPLOYMENT_TARGET = 11.3;
				MTL_ENABLE_DEBUG_INFO = NO;
				SDKROOT = iphoneos;
				VALIDATE_PRODUCT = YES;
			};
			name = Release;
		};
		C03CC0C9208EB55A0087C314 /* Debug */ = {
			isa = XCBuildConfiguration;
			buildSettings = {
				ASSETCATALOG_COMPILER_APPICON_NAME = AppIcon;
				CODE_SIGN_STYLE = Automatic;
				DEVELOPMENT_TEAM = APU9VWTST8;
				INFOPLIST_FILE = LBDemo/Info.plist;
				LD_RUNPATH_SEARCH_PATHS = (
					"$(inherited)",
					"@executable_path/Frameworks",
				);
				PRODUCT_BUNDLE_IDENTIFIER = com.gaoxun.LBDemo;
				PRODUCT_NAME = "$(TARGET_NAME)";
				TARGETED_DEVICE_FAMILY = "1,2";
			};
			name = Debug;
		};
		C03CC0CA208EB55A0087C314 /* Release */ = {
			isa = XCBuildConfiguration;
			buildSettings = {
				ASSETCATALOG_COMPILER_APPICON_NAME = AppIcon;
				CODE_SIGN_STYLE = Automatic;
				DEVELOPMENT_TEAM = APU9VWTST8;
				INFOPLIST_FILE = LBDemo/Info.plist;
				LD_RUNPATH_SEARCH_PATHS = (
					"$(inherited)",
					"@executable_path/Frameworks",
				);
				PRODUCT_BUNDLE_IDENTIFIER = com.gaoxun.LBDemo;
				PRODUCT_NAME = "$(TARGET_NAME)";
				TARGETED_DEVICE_FAMILY = "1,2";
			};
			name = Release;
		};
		C03CC0CC208EB55A0087C314 /* Debug */ = {
			isa = XCBuildConfiguration;
			buildSettings = {
				BUNDLE_LOADER = "$(TEST_HOST)";
				CODE_SIGN_STYLE = Automatic;
				DEVELOPMENT_TEAM = APU9VWTST8;
				INFOPLIST_FILE = LBDemoTests/Info.plist;
				LD_RUNPATH_SEARCH_PATHS = (
					"$(inherited)",
					"@executable_path/Frameworks",
					"@loader_path/Frameworks",
				);
				PRODUCT_BUNDLE_IDENTIFIER = com.gaoxun.LBDemoTests;
				PRODUCT_NAME = "$(TARGET_NAME)";
				TARGETED_DEVICE_FAMILY = "1,2";
				TEST_HOST = "$(BUILT_PRODUCTS_DIR)/LBDemo.app/LBDemo";
			};
			name = Debug;
		};
		C03CC0CD208EB55A0087C314 /* Release */ = {
			isa = XCBuildConfiguration;
			buildSettings = {
				BUNDLE_LOADER = "$(TEST_HOST)";
				CODE_SIGN_STYLE = Automatic;
				DEVELOPMENT_TEAM = APU9VWTST8;
				INFOPLIST_FILE = LBDemoTests/Info.plist;
				LD_RUNPATH_SEARCH_PATHS = (
					"$(inherited)",
					"@executable_path/Frameworks",
					"@loader_path/Frameworks",
				);
				PRODUCT_BUNDLE_IDENTIFIER = com.gaoxun.LBDemoTests;
				PRODUCT_NAME = "$(TARGET_NAME)";
				TARGETED_DEVICE_FAMILY = "1,2";
				TEST_HOST = "$(BUILT_PRODUCTS_DIR)/LBDemo.app/LBDemo";
			};
			name = Release;
		};
		C03CC0CF208EB55A0087C314 /* Debug */ = {
			isa = XCBuildConfiguration;
			buildSettings = {
				CODE_SIGN_STYLE = Automatic;
				DEVELOPMENT_TEAM = APU9VWTST8;
				INFOPLIST_FILE = LBDemoUITests/Info.plist;
				LD_RUNPATH_SEARCH_PATHS = (
					"$(inherited)",
					"@executable_path/Frameworks",
					"@loader_path/Frameworks",
				);
				PRODUCT_BUNDLE_IDENTIFIER = com.gaoxun.LBDemoUITests;
				PRODUCT_NAME = "$(TARGET_NAME)";
				TARGETED_DEVICE_FAMILY = "1,2";
				TEST_TARGET_NAME = LBDemo;
			};
			name = Debug;
		};
		C03CC0D0208EB55A0087C314 /* Release */ = {
			isa = XCBuildConfiguration;
			buildSettings = {
				CODE_SIGN_STYLE = Automatic;
				DEVELOPMENT_TEAM = APU9VWTST8;
				INFOPLIST_FILE = LBDemoUITests/Info.plist;
				LD_RUNPATH_SEARCH_PATHS = (
					"$(inherited)",
					"@executable_path/Frameworks",
					"@loader_path/Frameworks",
				);
				PRODUCT_BUNDLE_IDENTIFIER = com.gaoxun.LBDemoUITests;
				PRODUCT_NAME = "$(TARGET_NAME)";
				TARGETED_DEVICE_FAMILY = "1,2";
				TEST_TARGET_NAME = LBDemo;
			};
			name = Release;
		};
/* End XCBuildConfiguration section */

/* Begin XCConfigurationList section */
		C03CC097208EB5580087C314 /* Build configuration list for PBXProject "LBDemo" */ = {
			isa = XCConfigurationList;
			buildConfigurations = (
				C03CC0C6208EB55A0087C314 /* Debug */,
				C03CC0C7208EB55A0087C314 /* Release */,
			);
			defaultConfigurationIsVisible = 0;
			defaultConfigurationName = Release;
		};
		C03CC0C8208EB55A0087C314 /* Build configuration list for PBXNativeTarget "LBDemo" */ = {
			isa = XCConfigurationList;
			buildConfigurations = (
				C03CC0C9208EB55A0087C314 /* Debug */,
				C03CC0CA208EB55A0087C314 /* Release */,
			);
			defaultConfigurationIsVisible = 0;
			defaultConfigurationName = Release;
		};
		C03CC0CB208EB55A0087C314 /* Build configuration list for PBXNativeTarget "LBDemoTests" */ = {
			isa = XCConfigurationList;
			buildConfigurations = (
				C03CC0CC208EB55A0087C314 /* Debug */,
				C03CC0CD208EB55A0087C314 /* Release */,
			);
			defaultConfigurationIsVisible = 0;
			defaultConfigurationName = Release;
		};
		C03CC0CE208EB55A0087C314 /* Build configuration list for PBXNativeTarget "LBDemoUITests" */ = {
			isa = XCConfigurationList;
			buildConfigurations = (
				C03CC0CF208EB55A0087C314 /* Debug */,
				C03CC0D0208EB55A0087C314 /* Release */,
			);
			defaultConfigurationIsVisible = 0;
			defaultConfigurationName = Release;
		};
/* End XCConfigurationList section */
	};
	rootObject = C03CC094208EB5580087C314 /* Project object */;
}
